
Microsoft Visual Studio Solution File, Format Version 10.00
# Visual C# Express 2008
Project("{FAE04EC0-301F-11D3-BF4B-00C04F79EFBC}") = "Blend.xPlatform.Base", "Blend.xPlatform.Base\Blend.xPlatform.Base.csproj", "{AAEC22D4-A7A0-4441-9ADD-DE3DBC3DFB9E}"
EndProject
Project("{FAE04EC0-301F-11D3-BF4B-00C04F79EFBC}") = "msvcrt", "msvcrt\msvcrt.csproj", "{D17B688C-52E3-48D4-8B84-2081586879B6}"
EndProject
Global
	GlobalSection(SolutionConfigurationPlatforms) = preSolution
		Debug|Any CPU = Debug|Any CPU
		Release|Any CPU = Release|Any CPU
	EndGlobalSection
	GlobalSection(ProjectConfigurationPlatforms) = postSolution
		{AAEC22D4-A7A0-4441-9ADD-DE3DBC3DFB9E}.Debug|Any CPU.ActiveCfg = Debug|Any CPU
		{AAEC22D4-A7A0-4441-9ADD-DE3DBC3DFB9E}.Debug|Any CPU.Build.0 = Debug|Any CPU
		{AAEC22D4-A7A0-4441-9ADD-DE3DBC3DFB9E}.Release|Any CPU.ActiveCfg = Release|Any CPU
		{AAEC22D4-A7A0-4441-9ADD-DE3DBC3DFB9E}.Release|Any CPU.Build.0 = Release|Any CPU
		{D17B688C-52E3-48D4-8B84-2081586879B6}.Debug|Any CPU.ActiveCfg = Debug|Any CPU
		{D17B688C-52E3-48D4-8B84-2081586879B6}.Debug|Any CPU.Build.0 = Debug|Any CPU
		{D17B688C-52E3-48D4-8B84-2081586879B6}.Release|Any CPU.ActiveCfg = Release|Any CPU
		{D17B688C-52E3-48D4-8B84-2081586879B6}.Release|Any CPU.Build.0 = Release|Any CPU
	EndGlobalSection
	GlobalSection(SolutionProperties) = preSolution
		HideSolutionNode = FALSE
	EndGlobalSection
EndGlobal
