
Microsoft Visual Studio Solution File, Format Version 9.00
# Visual Studio 2005
Project("{FAE04EC0-301F-11D3-BF4B-00C04F79EFBC}") = "Blend.xPlatform.Core", "Blend.xPlatform.Core\Blend.xPlatform.Core.csproj", "{83300B6B-964B-4B5B-8CB4-4A4333B96A5A}"
EndProject
Project("{FAE04EC0-301F-11D3-BF4B-00C04F79EFBC}") = "Blend.xPlatform.Win32", "Blend.xPlatform.Win32\Blend.xPlatform.Win32.csproj", "{D235884A-D12A-45FC-8214-0038A86150B6}"
EndProject
Project("{FAE04EC0-301F-11D3-BF4B-00C04F79EFBC}") = "Blend.xPlatform.Test", "Blend.xPlatform.Test\Blend.xPlatform.Test.csproj", "{BB93A61C-E44C-4182-87EB-9930AB379CE2}"
EndProject
Global
	GlobalSection(TeamFoundationVersionControl) = preSolution
		SccNumberOfProjects = 4
		SccEnterpriseProvider = {4CA58AB2-18FA-4F8D-95D4-32DDF27D184C}
		SccTeamFoundationServer = https://tfs05.codeplex.com/
		SccLocalPath0 = .
		SccProjectUniqueName1 = Blend.xPlatform.Core\\Blend.xPlatform.Core.csproj
		SccProjectName1 = Blend.xPlatform.Core
		SccLocalPath1 = Blend.xPlatform.Core
		SccProjectUniqueName2 = Blend.xPlatform.Test\\Blend.xPlatform.Test.csproj
		SccProjectName2 = Blend.xPlatform.Test
		SccLocalPath2 = Blend.xPlatform.Test
		SccProjectUniqueName3 = Blend.xPlatform.Win32\\Blend.xPlatform.Win32.csproj
		SccProjectName3 = Blend.xPlatform.Win32
		SccLocalPath3 = Blend.xPlatform.Win32
	EndGlobalSection
	GlobalSection(SolutionConfigurationPlatforms) = preSolution
		Debug|Any CPU = Debug|Any CPU
		Release|Any CPU = Release|Any CPU
	EndGlobalSection
	GlobalSection(ProjectConfigurationPlatforms) = postSolution
		{83300B6B-964B-4B5B-8CB4-4A4333B96A5A}.Debug|Any CPU.ActiveCfg = Debug|Any CPU
		{83300B6B-964B-4B5B-8CB4-4A4333B96A5A}.Debug|Any CPU.Build.0 = Debug|Any CPU
		{83300B6B-964B-4B5B-8CB4-4A4333B96A5A}.Release|Any CPU.ActiveCfg = Release|Any CPU
		{83300B6B-964B-4B5B-8CB4-4A4333B96A5A}.Release|Any CPU.Build.0 = Release|Any CPU
		{D235884A-D12A-45FC-8214-0038A86150B6}.Debug|Any CPU.ActiveCfg = Debug|Any CPU
		{D235884A-D12A-45FC-8214-0038A86150B6}.Debug|Any CPU.Build.0 = Debug|Any CPU
		{D235884A-D12A-45FC-8214-0038A86150B6}.Release|Any CPU.ActiveCfg = Release|Any CPU
		{D235884A-D12A-45FC-8214-0038A86150B6}.Release|Any CPU.Build.0 = Release|Any CPU
		{BB93A61C-E44C-4182-87EB-9930AB379CE2}.Debug|Any CPU.ActiveCfg = Debug|Any CPU
		{BB93A61C-E44C-4182-87EB-9930AB379CE2}.Debug|Any CPU.Build.0 = Debug|Any CPU
		{BB93A61C-E44C-4182-87EB-9930AB379CE2}.Release|Any CPU.ActiveCfg = Release|Any CPU
		{BB93A61C-E44C-4182-87EB-9930AB379CE2}.Release|Any CPU.Build.0 = Release|Any CPU
	EndGlobalSection
	GlobalSection(SolutionProperties) = preSolution
		HideSolutionNode = FALSE
	EndGlobalSection
EndGlobal
