
Microsoft Visual Studio Solution File, Format Version 10.00
# Visual Studio 2008
Project("{54435603-DBB4-11D2-8724-00A0C9A8B90C}") = "xPlatform.Win32", "xPlatform.Win32\xPlatform.Win32.vdproj", "{7A6279C0-AEA2-4647-8996-BB0BFD56D939}"
EndProject
Project("{FAE04EC0-301F-11D3-BF4B-00C04F79EFBC}") = "xPlatform.Core", "xPlatform.Core\xPlatform.Core.csproj", "{65EBCC88-5D43-49BF-9851-70DE3D22A878}"
EndProject
Project("{FAE04EC0-301F-11D3-BF4B-00C04F79EFBC}") = "xPlatform.x86.msvcrt", "xPlatform.x86.msvcrt\xPlatform.x86.msvcrt.csproj", "{7ED6B19A-9120-4C31-82AB-9BB9ADB56622}"
EndProject
Project("{FAE04EC0-301F-11D3-BF4B-00C04F79EFBC}") = "xPlatform.x86.kernel32", "xPlatform.x86.kernel32\xPlatform.x86.kernel32.csproj", "{FD6C08CE-66E7-40C6-8A5F-F8B969609631}"
EndProject
Global
	GlobalSection(SolutionConfigurationPlatforms) = preSolution
		Debug|Any CPU = Debug|Any CPU
		Release|Any CPU = Release|Any CPU
	EndGlobalSection
	GlobalSection(ProjectConfigurationPlatforms) = postSolution
		{7A6279C0-AEA2-4647-8996-BB0BFD56D939}.Debug|Any CPU.ActiveCfg = Debug
		{7A6279C0-AEA2-4647-8996-BB0BFD56D939}.Debug|Any CPU.Build.0 = Debug
		{7A6279C0-AEA2-4647-8996-BB0BFD56D939}.Release|Any CPU.ActiveCfg = Release
		{7A6279C0-AEA2-4647-8996-BB0BFD56D939}.Release|Any CPU.Build.0 = Release
		{65EBCC88-5D43-49BF-9851-70DE3D22A878}.Debug|Any CPU.ActiveCfg = Debug|Any CPU
		{65EBCC88-5D43-49BF-9851-70DE3D22A878}.Debug|Any CPU.Build.0 = Debug|Any CPU
		{65EBCC88-5D43-49BF-9851-70DE3D22A878}.Release|Any CPU.ActiveCfg = Release|Any CPU
		{65EBCC88-5D43-49BF-9851-70DE3D22A878}.Release|Any CPU.Build.0 = Release|Any CPU
		{7ED6B19A-9120-4C31-82AB-9BB9ADB56622}.Debug|Any CPU.ActiveCfg = Debug|Any CPU
		{7ED6B19A-9120-4C31-82AB-9BB9ADB56622}.Debug|Any CPU.Build.0 = Debug|Any CPU
		{7ED6B19A-9120-4C31-82AB-9BB9ADB56622}.Release|Any CPU.ActiveCfg = Release|Any CPU
		{7ED6B19A-9120-4C31-82AB-9BB9ADB56622}.Release|Any CPU.Build.0 = Release|Any CPU
		{FD6C08CE-66E7-40C6-8A5F-F8B969609631}.Debug|Any CPU.ActiveCfg = Debug|Any CPU
		{FD6C08CE-66E7-40C6-8A5F-F8B969609631}.Debug|Any CPU.Build.0 = Debug|Any CPU
		{FD6C08CE-66E7-40C6-8A5F-F8B969609631}.Release|Any CPU.ActiveCfg = Release|Any CPU
		{FD6C08CE-66E7-40C6-8A5F-F8B969609631}.Release|Any CPU.Build.0 = Release|Any CPU
	EndGlobalSection
	GlobalSection(SolutionProperties) = preSolution
		HideSolutionNode = FALSE
	EndGlobalSection
EndGlobal
