
Microsoft Visual Studio Solution File, Format Version 10.00
# Visual Studio 2008
Project("{FAE04EC0-301F-11D3-BF4B-00C04F79EFBC}") = "xPlatform.Core", "xPlatform.Core\xPlatform.Core.csproj", "{65EBCC88-5D43-49BF-9851-70DE3D22A878}"
EndProject
Project("{FAE04EC0-301F-11D3-BF4B-00C04F79EFBC}") = "xPlatform.x86.msvcrt", "xPlatform.x86.msvcrt\xPlatform.x86.msvcrt.csproj", "{7ED6B19A-9120-4C31-82AB-9BB9ADB56622}"
EndProject
Project("{FAE04EC0-301F-11D3-BF4B-00C04F79EFBC}") = "xPlatform.x86.kernel32", "xPlatform.x86.kernel32\xPlatform.x86.kernel32.csproj", "{FD6C08CE-66E7-40C6-8A5F-F8B969609631}"
EndProject
Project("{FAE04EC0-301F-11D3-BF4B-00C04F79EFBC}") = "xPlatform.Core.Test", "xPlatform.Core.Test\xPlatform.Core.Test.csproj", "{4E4984B5-8A0F-4319-AC70-5CE7CEDD7049}"
EndProject
Project("{FAE04EC0-301F-11D3-BF4B-00C04F79EFBC}") = "xPlatform.x86.user32", "xPlatform.x86.user32\xPlatform.x86.user32.csproj", "{A2AC4873-FEC0-4B07-A442-D43AD03D72F7}"
EndProject
Project("{FAE04EC0-301F-11D3-BF4B-00C04F79EFBC}") = "xPlatform.x86.advapi32", "xPlatform.x86.advapi32\xPlatform.x86.advapi32.csproj", "{4F5D61F0-3F78-4892-A413-7BC857454BC6}"
EndProject
Project("{FAE04EC0-301F-11D3-BF4B-00C04F79EFBC}") = "xPlatform.x86.secur32", "xPlatform.x86.secur32\xPlatform.x86.secur32.csproj", "{BC10E99B-E08F-432A-A8BF-C5076C60E943}"
EndProject
Global
	GlobalSection(SolutionConfigurationPlatforms) = preSolution
		Debug|Any CPU = Debug|Any CPU
		Release|Any CPU = Release|Any CPU
	EndGlobalSection
	GlobalSection(ProjectConfigurationPlatforms) = postSolution
		{65EBCC88-5D43-49BF-9851-70DE3D22A878}.Debug|Any CPU.ActiveCfg = Debug|Any CPU
		{65EBCC88-5D43-49BF-9851-70DE3D22A878}.Debug|Any CPU.Build.0 = Debug|Any CPU
		{65EBCC88-5D43-49BF-9851-70DE3D22A878}.Release|Any CPU.ActiveCfg = Release|Any CPU
		{65EBCC88-5D43-49BF-9851-70DE3D22A878}.Release|Any CPU.Build.0 = Release|Any CPU
		{7ED6B19A-9120-4C31-82AB-9BB9ADB56622}.Debug|Any CPU.ActiveCfg = Debug|Any CPU
		{7ED6B19A-9120-4C31-82AB-9BB9ADB56622}.Debug|Any CPU.Build.0 = Debug|Any CPU
		{7ED6B19A-9120-4C31-82AB-9BB9ADB56622}.Release|Any CPU.ActiveCfg = Release|Any CPU
		{7ED6B19A-9120-4C31-82AB-9BB9ADB56622}.Release|Any CPU.Build.0 = Release|Any CPU
		{FD6C08CE-66E7-40C6-8A5F-F8B969609631}.Debug|Any CPU.ActiveCfg = Debug|Any CPU
		{FD6C08CE-66E7-40C6-8A5F-F8B969609631}.Debug|Any CPU.Build.0 = Debug|Any CPU
		{FD6C08CE-66E7-40C6-8A5F-F8B969609631}.Release|Any CPU.ActiveCfg = Release|Any CPU
		{FD6C08CE-66E7-40C6-8A5F-F8B969609631}.Release|Any CPU.Build.0 = Release|Any CPU
		{4E4984B5-8A0F-4319-AC70-5CE7CEDD7049}.Debug|Any CPU.ActiveCfg = Debug|Any CPU
		{4E4984B5-8A0F-4319-AC70-5CE7CEDD7049}.Debug|Any CPU.Build.0 = Debug|Any CPU
		{4E4984B5-8A0F-4319-AC70-5CE7CEDD7049}.Release|Any CPU.ActiveCfg = Release|Any CPU
		{4E4984B5-8A0F-4319-AC70-5CE7CEDD7049}.Release|Any CPU.Build.0 = Release|Any CPU
		{A2AC4873-FEC0-4B07-A442-D43AD03D72F7}.Debug|Any CPU.ActiveCfg = Debug|Any CPU
		{A2AC4873-FEC0-4B07-A442-D43AD03D72F7}.Debug|Any CPU.Build.0 = Debug|Any CPU
		{A2AC4873-FEC0-4B07-A442-D43AD03D72F7}.Release|Any CPU.ActiveCfg = Release|Any CPU
		{A2AC4873-FEC0-4B07-A442-D43AD03D72F7}.Release|Any CPU.Build.0 = Release|Any CPU
		{4F5D61F0-3F78-4892-A413-7BC857454BC6}.Debug|Any CPU.ActiveCfg = Debug|Any CPU
		{4F5D61F0-3F78-4892-A413-7BC857454BC6}.Debug|Any CPU.Build.0 = Debug|Any CPU
		{4F5D61F0-3F78-4892-A413-7BC857454BC6}.Release|Any CPU.ActiveCfg = Release|Any CPU
		{4F5D61F0-3F78-4892-A413-7BC857454BC6}.Release|Any CPU.Build.0 = Release|Any CPU
		{BC10E99B-E08F-432A-A8BF-C5076C60E943}.Debug|Any CPU.ActiveCfg = Debug|Any CPU
		{BC10E99B-E08F-432A-A8BF-C5076C60E943}.Debug|Any CPU.Build.0 = Debug|Any CPU
		{BC10E99B-E08F-432A-A8BF-C5076C60E943}.Release|Any CPU.ActiveCfg = Release|Any CPU
		{BC10E99B-E08F-432A-A8BF-C5076C60E943}.Release|Any CPU.Build.0 = Release|Any CPU
	EndGlobalSection
	GlobalSection(SolutionProperties) = preSolution
		HideSolutionNode = FALSE
	EndGlobalSection
EndGlobal
